{
  "object": {
    "pins": [
      {
        "package": "Qonversion",
        "repositoryURL": "git@github.com:qonversion/qonversion-ios-sdk.git",
        "state": {
          "branch": null,
          "revision": "0ec224f004c0673d942b23680ee046cba2a7e0be",
          "version": "5.13.0"
        }
      }
    ]
  },
  "version": 1
}
